
Microsoft Visual Studio Solution File, Format Version 12.00
# Visual Studio Version 17
VisualStudioVersion = 17.10.34804.81
MinimumVisualStudioVersion = 10.0.40219.1
Project("{FAE04EC0-301F-11D3-BF4B-00C04F79EFBC}") = "SimplisticSig", "SimplisticSig\SimplisticSig.csproj", "{BFA125B5-E42A-43E4-AE5F-9BFD7540B249}"
EndProject
Global
	GlobalSection(SolutionConfigurationPlatforms) = preSolution
		Debug|Any CPU = Debug|Any CPU
		Release|Any CPU = Release|Any CPU
	EndGlobalSection
	GlobalSection(ProjectConfigurationPlatforms) = postSolution
		{BFA125B5-E42A-43E4-AE5F-9BFD7540B249}.Debug|Any CPU.ActiveCfg = Debug|Any CPU
		{BFA125B5-E42A-43E4-AE5F-9BFD7540B249}.Debug|Any CPU.Build.0 = Debug|Any CPU
		{BFA125B5-E42A-43E4-AE5F-9BFD7540B249}.Release|Any CPU.ActiveCfg = Release|Any CPU
		{BFA125B5-E42A-43E4-AE5F-9BFD7540B249}.Release|Any CPU.Build.0 = Release|Any CPU
	EndGlobalSection
	GlobalSection(SolutionProperties) = preSolution
		HideSolutionNode = FALSE
	EndGlobalSection
	GlobalSection(ExtensibilityGlobals) = postSolution
		SolutionGuid = {4035ED89-3692-45A2-95A2-C4564FC0B3A7}
	EndGlobalSection
EndGlobal
